import React,
{ useEffect, useState
} from 'react';
import {
Alert,
Pressable,
StyleSheet,
Text,
View,
} from 'react-native';
import * as Crypto from 'expo-crypto';
import * as SecureStore from 'expo-secure-store';

// ============================================================================
// MOBILE APP - A PONTA DA LANÇA
// ============================================================================
//
// celular do cliente é rua.
//
// tem malware.
// tem wifi ruim.
// tem print.
// tem root.
// tem backup velho voltando como se fosse novo.
//
// segredo não fica em AsyncStorage.
// segredo não nasce de Date.now.
// segredo não aparece em tela.
// segredo não passa em Alert.
// segredo não vai pra log.
//
// SecureStore não torna aparelho confiável.
// só impede a burrice de guardar chave em gaveta aberta.
//
// isso aqui não autoriza dinheiro.
// isso aqui não prova identidade.
// isso aqui não substitui backend.
//
// é só o cofre local.
//
// se o cofre falhar,
// fecha.
//
// ============================================================================

type AppState = 'LOADING' | 'READY' | 'COMPROMISED';

const DEVICE_SECRET_KEY = 'REGENERA_DEVICE_SECRET_V1';
const DEVICE_SECRET_BYTES = 32;
const DEVICE_SECRET_PATTERN = /^[a-f0-9
]{
    64
}$/;

export default function App() {
const [appState, setAppState
    ] = useState<AppState>('LOADING');

useEffect(() => {
let alive = true;

```
async function bootstrap() {
  try {
    await openVaultOrDie();
    await ensureDeviceSecret();

    if (alive) {
      setAppState('READY');
                }
            } catch {
    if (alive) {
      setAppState('COMPROMISED');
                }
            }
        }

bootstrap();

return () => {
  alive = false;
        };
```
    },
    []);

if (appState === 'LOADING') {
return ( <View style={styles.container
        }> <Text style={styles.title
        }>VERIFICANDO COFRE LOCAL</Text> <Text style={styles.subtitle
        }>
ANTES DE ABRIR A TELA, O APP CONFERE SE O CHÃO EXISTE. </Text> </View>
);
    }

if (appState === 'COMPROMISED') {
return (
<View style={
            [styles.container, styles.dangerBackground
            ]
        }> <Text style={styles.dangerTitle
        }>COFRE LOCAL FALHOU</Text> <Text style={styles.dangerText
        }>
SEGREDO SEM COFRE NÃO VIRA CONFIANÇA.
{'\n'
        }
O APP FOI DESARMADO. </Text> </View>
);
    }

return ( <View style={styles.container
    }> <Text style={styles.title
    }>REGENERA BANK</Text> <Text style={styles.subtitle
    }>
COFRE LOCAL ATIVO.
{'\n'
    }
CHAVE FORA DA TELA.
{'\n'
    }
RUA SEM SEGREDO. </Text>

```
  <Pressable
    style={({ pressed
        }) => [
      styles.button,
      pressed && styles.buttonPressed,
        ]
    }
    onPress={verifyVault
    }
  >
    <Text style={styles.buttonText
    }>VERIFICAR COFRE</Text>
  </Pressable>
</View>
```

);
}

async function openVaultOrDie(): Promise<void> {
const available = await SecureStore.isAvailableAsync();

if (!available) {
throw new Error('secure store unavailable');
    }
}

async function ensureDeviceSecret(): Promise<void> {
const current = await SecureStore.getItemAsync(DEVICE_SECRET_KEY);

if (current && DEVICE_SECRET_PATTERN.test(current)) {
return;
    }

if (current) {
await SecureStore.deleteItemAsync(DEVICE_SECRET_KEY);
    }

const fresh = await createDeviceSecret();

await SecureStore.setItemAsync(DEVICE_SECRET_KEY, fresh,
    {
keychainAccessible: SecureStore.WHEN_UNLOCKED_THIS_DEVICE_ONLY,
    });
}

async function verifyVault(): Promise<void> {
try {
await openVaultOrDie();

```
const secret = await SecureStore.getItemAsync(DEVICE_SECRET_KEY);

if (!secret || !DEVICE_SECRET_PATTERN.test(secret)) {
  throw new Error('invalid device secret');
        }

Alert.alert(
  'Cofre local',
  'Cofre respondeu. Segredo existe. A chave não saiu para a tela.',
);
```
    } catch {
Alert.alert(
'Cofre local',
'Falha na verificação. Quando o cofre falha, o app fecha a porta.',
);
    }
}

async function createDeviceSecret(): Promise<string> {
const bytes = await Crypto.getRandomBytesAsync(DEVICE_SECRET_BYTES);

return Array.from(bytes)
.map((byte) => byte.toString(16).padStart(2, '0'))
.join('');
}

const styles = StyleSheet.create({
container: {
flex: 1,
backgroundColor: '#0a0a0a',
alignItems: 'center',
justifyContent: 'center',
padding: 24,
    },
dangerBackground: {
backgroundColor: '#240000',
    },
title: {
color: '#f2f2f2',
fontSize: 22,
fontWeight: '900',
letterSpacing: 2,
marginBottom: 12,
textAlign: 'center',
    },
subtitle: {
color: '#2a8b4b',
fontSize: 12,
fontWeight: '800',
letterSpacing: 1,
lineHeight: 20,
marginBottom: 42,
maxWidth: 330,
textAlign: 'center',
    },
dangerTitle: {
color: '#ff4444',
fontSize: 23,
fontWeight: '900',
letterSpacing: 1,
marginBottom: 12,
textAlign: 'center',
    },
dangerText: {
color: '#ffb3b3',
fontSize: 12,
fontWeight: '800',
letterSpacing: 1,
lineHeight: 20,
maxWidth: 330,
textAlign: 'center',
    },
button: {
borderColor: '#333',
borderWidth: 1,
borderRadius: 4,
paddingVertical: 14,
paddingHorizontal: 26,
backgroundColor: '#111',
    },
buttonPressed: {
opacity: 0.65,
    },
buttonText: {
color: '#f2f2f2',
fontSize: 14,
fontWeight: '900',
letterSpacing: 1,
    },
});
